
Microsoft Visual Studio Solution File, Format Version 12.00
# Visual Studio Version 17
VisualStudioVersion = 17.12.35521.163
MinimumVisualStudioVersion = 10.0.40219.1
Project("{FAE04EC0-301F-11D3-BF4B-00C04F79EFBC}") = "SurfVpnClientTest1", "SurfVpnClientTest1\SurfVpnClientTest1.csproj", "{0F650B9C-41BA-433E-AA26-ADAA9C99F02D}"
EndProject
Project("{B7DD6F7E-DEF8-4E67-B5B7-07EF123DB6F0}") = "Installer", "Installer\Installer.wixproj", "{2E2C76F6-72F5-4174-986F-463B3E393116}"
EndProject
Project("{B7DD6F7E-DEF8-4E67-B5B7-07EF123DB6F0}") = "TopVpnInstaller", "TopVpnInstaller\TopVpnInstaller.wixproj", "{7F7537CD-A587-4961-B2AB-EE2F6A9C2A67}"
EndProject
Global
	GlobalSection(SolutionConfigurationPlatforms) = preSolution
		Debug|Any CPU = Debug|Any CPU
		Debug|ARM64 = Debug|ARM64
		Debug|x64 = Debug|x64
		Debug|x86 = Debug|x86
		Release|Any CPU = Release|Any CPU
		Release|ARM64 = Release|ARM64
		Release|x64 = Release|x64
		Release|x86 = Release|x86
	EndGlobalSection
	GlobalSection(ProjectConfigurationPlatforms) = postSolution
		{0F650B9C-41BA-433E-AA26-ADAA9C99F02D}.Debug|Any CPU.ActiveCfg = Debug|Any CPU
		{0F650B9C-41BA-433E-AA26-ADAA9C99F02D}.Debug|Any CPU.Build.0 = Debug|Any CPU
		{0F650B9C-41BA-433E-AA26-ADAA9C99F02D}.Debug|ARM64.ActiveCfg = Debug|Any CPU
		{0F650B9C-41BA-433E-AA26-ADAA9C99F02D}.Debug|ARM64.Build.0 = Debug|Any CPU
		{0F650B9C-41BA-433E-AA26-ADAA9C99F02D}.Debug|x64.ActiveCfg = Debug|Any CPU
		{0F650B9C-41BA-433E-AA26-ADAA9C99F02D}.Debug|x64.Build.0 = Debug|Any CPU
		{0F650B9C-41BA-433E-AA26-ADAA9C99F02D}.Debug|x86.ActiveCfg = Debug|Any CPU
		{0F650B9C-41BA-433E-AA26-ADAA9C99F02D}.Debug|x86.Build.0 = Debug|Any CPU
		{0F650B9C-41BA-433E-AA26-ADAA9C99F02D}.Release|Any CPU.ActiveCfg = Release|Any CPU
		{0F650B9C-41BA-433E-AA26-ADAA9C99F02D}.Release|Any CPU.Build.0 = Release|Any CPU
		{0F650B9C-41BA-433E-AA26-ADAA9C99F02D}.Release|ARM64.ActiveCfg = Release|Any CPU
		{0F650B9C-41BA-433E-AA26-ADAA9C99F02D}.Release|ARM64.Build.0 = Release|Any CPU
		{0F650B9C-41BA-433E-AA26-ADAA9C99F02D}.Release|x64.ActiveCfg = Release|Any CPU
		{0F650B9C-41BA-433E-AA26-ADAA9C99F02D}.Release|x64.Build.0 = Release|Any CPU
		{0F650B9C-41BA-433E-AA26-ADAA9C99F02D}.Release|x86.ActiveCfg = Release|Any CPU
		{0F650B9C-41BA-433E-AA26-ADAA9C99F02D}.Release|x86.Build.0 = Release|Any CPU
		{2E2C76F6-72F5-4174-986F-463B3E393116}.Debug|Any CPU.ActiveCfg = Debug|x64
		{2E2C76F6-72F5-4174-986F-463B3E393116}.Debug|Any CPU.Build.0 = Debug|x64
		{2E2C76F6-72F5-4174-986F-463B3E393116}.Debug|ARM64.ActiveCfg = Debug|ARM64
		{2E2C76F6-72F5-4174-986F-463B3E393116}.Debug|ARM64.Build.0 = Debug|ARM64
		{2E2C76F6-72F5-4174-986F-463B3E393116}.Debug|x64.ActiveCfg = Debug|x64
		{2E2C76F6-72F5-4174-986F-463B3E393116}.Debug|x64.Build.0 = Debug|x64
		{2E2C76F6-72F5-4174-986F-463B3E393116}.Debug|x86.ActiveCfg = Debug|x86
		{2E2C76F6-72F5-4174-986F-463B3E393116}.Debug|x86.Build.0 = Debug|x86
		{2E2C76F6-72F5-4174-986F-463B3E393116}.Release|Any CPU.ActiveCfg = Release|x64
		{2E2C76F6-72F5-4174-986F-463B3E393116}.Release|Any CPU.Build.0 = Release|x64
		{2E2C76F6-72F5-4174-986F-463B3E393116}.Release|ARM64.ActiveCfg = Release|ARM64
		{2E2C76F6-72F5-4174-986F-463B3E393116}.Release|ARM64.Build.0 = Release|ARM64
		{2E2C76F6-72F5-4174-986F-463B3E393116}.Release|x64.ActiveCfg = Release|x64
		{2E2C76F6-72F5-4174-986F-463B3E393116}.Release|x64.Build.0 = Release|x64
		{2E2C76F6-72F5-4174-986F-463B3E393116}.Release|x86.ActiveCfg = Release|x86
		{2E2C76F6-72F5-4174-986F-463B3E393116}.Release|x86.Build.0 = Release|x86
		{7F7537CD-A587-4961-B2AB-EE2F6A9C2A67}.Debug|Any CPU.ActiveCfg = Debug|x64
		{7F7537CD-A587-4961-B2AB-EE2F6A9C2A67}.Debug|Any CPU.Build.0 = Debug|x64
		{7F7537CD-A587-4961-B2AB-EE2F6A9C2A67}.Debug|ARM64.ActiveCfg = Debug|ARM64
		{7F7537CD-A587-4961-B2AB-EE2F6A9C2A67}.Debug|ARM64.Build.0 = Debug|ARM64
		{7F7537CD-A587-4961-B2AB-EE2F6A9C2A67}.Debug|x64.ActiveCfg = Debug|x64
		{7F7537CD-A587-4961-B2AB-EE2F6A9C2A67}.Debug|x64.Build.0 = Debug|x64
		{7F7537CD-A587-4961-B2AB-EE2F6A9C2A67}.Debug|x86.ActiveCfg = Debug|x86
		{7F7537CD-A587-4961-B2AB-EE2F6A9C2A67}.Debug|x86.Build.0 = Debug|x86
		{7F7537CD-A587-4961-B2AB-EE2F6A9C2A67}.Release|Any CPU.ActiveCfg = Release|x64
		{7F7537CD-A587-4961-B2AB-EE2F6A9C2A67}.Release|Any CPU.Build.0 = Release|x64
		{7F7537CD-A587-4961-B2AB-EE2F6A9C2A67}.Release|ARM64.ActiveCfg = Release|ARM64
		{7F7537CD-A587-4961-B2AB-EE2F6A9C2A67}.Release|ARM64.Build.0 = Release|ARM64
		{7F7537CD-A587-4961-B2AB-EE2F6A9C2A67}.Release|x64.ActiveCfg = Release|x64
		{7F7537CD-A587-4961-B2AB-EE2F6A9C2A67}.Release|x64.Build.0 = Release|x64
		{7F7537CD-A587-4961-B2AB-EE2F6A9C2A67}.Release|x86.ActiveCfg = Release|x86
		{7F7537CD-A587-4961-B2AB-EE2F6A9C2A67}.Release|x86.Build.0 = Release|x86
	EndGlobalSection
	GlobalSection(SolutionProperties) = preSolution
		HideSolutionNode = FALSE
	EndGlobalSection
	GlobalSection(ExtensibilityGlobals) = postSolution
		SolutionGuid = {45C25715-51F4-43A2-BB66-400874FF6DC3}
	EndGlobalSection
EndGlobal
